schema: '2.0'
stages:
  create_experiment:
    cmd: python src/create_experiment.py
    deps:
    - path: src/create_experiment.py
      hash: md5
      md5: c6b60a43ed9190836a7bfffd8a843e50
      size: 386
    outs:
    - path: experiments/experiment.yaml
      hash: md5
      md5: e58a4db2d1ff1925b90a84fdca2ab084
      size: 65
  preprocess:
    cmd: python src/preprocess.py
    deps:
    - path: params.yaml
      hash: md5
      md5: e7238bd9dd1735c57f21bc7c23de7d70
      size: 232
    - path: src/preprocess.py
      hash: md5
      md5: 3ab0bac791323f7928c20ebe27ecb5fe
      size: 2075
    outs:
    - path: data/X_test.pkl
      hash: md5
      md5: 39caf7017ab8176b994105ee44c7ec20
      size: 87929435
    - path: data/X_train.pkl
      hash: md5
      md5: 06d10ee4d3642a58c300bfdb9c66404c
      size: 351689435
    - path: data/y_test.pkl
      hash: md5
      md5: fe1908ccd9d9d0ad4b8f2a449cb5b2ee
      size: 336848
    - path: data/y_train.pkl
      hash: md5
      md5: d35afc5ce473c15ebdb6f68301d14d0d
      size: 1344848
  train:
    cmd: python src/train.py
    deps:
    - path: data/X_test.pkl
      hash: md5
      md5: 39caf7017ab8176b994105ee44c7ec20
      size: 87929435
    - path: data/X_train.pkl
      hash: md5
      md5: 06d10ee4d3642a58c300bfdb9c66404c
      size: 351689435
    - path: data/y_test.pkl
      hash: md5
      md5: fe1908ccd9d9d0ad4b8f2a449cb5b2ee
      size: 336848
    - path: data/y_train.pkl
      hash: md5
      md5: d35afc5ce473c15ebdb6f68301d14d0d
      size: 1344848
    - path: params.yaml
      hash: md5
      md5: e7238bd9dd1735c57f21bc7c23de7d70
      size: 232
    - path: src/train.py
      hash: md5
      md5: 8f7b0f4b2ea6e9ca1e5bf0882a51b1df
      size: 4011
  predict:
    cmd: python src/predict.py
    deps:
    - path: data/X_test.pkl
      hash: md5
      md5: 39caf7017ab8176b994105ee44c7ec20
      size: 87929435
    - path: data/y_test.pkl
      hash: md5
      md5: fe1908ccd9d9d0ad4b8f2a449cb5b2ee
      size: 336848
    - path: model/logreg_model.pkl
      hash: md5
      md5: df8a693a5cc176c6cdc6f822644b7e02
      size: 72773
    - path: params.yaml
      hash: md5
      md5: e7238bd9dd1735c57f21bc7c23de7d70
      size: 232
    - path: src/predict.py
      hash: md5
      md5: 6f4e7480a07205462a8d5eec7609b714
      size: 1959
